
Microsoft Visual Studio Solution File, Format Version 12.00
Project("{FAE04EC0-301F-11D3-BF4B-00C04F79EFBC}") = "SessionService", "SessionService\SessionService.csproj", "{5B43C652-9F41-4B8F-A13A-F03C7A92013F}"
EndProject
Global
	GlobalSection(SolutionConfigurationPlatforms) = preSolution
		Debug|Any CPU = Debug|Any CPU
		Release|Any CPU = Release|Any CPU
	EndGlobalSection
	GlobalSection(ProjectConfigurationPlatforms) = postSolution
		{5B43C652-9F41-4B8F-A13A-F03C7A92013F}.Debug|Any CPU.ActiveCfg = Debug|Any CPU
		{5B43C652-9F41-4B8F-A13A-F03C7A92013F}.Debug|Any CPU.Build.0 = Debug|Any CPU
		{5B43C652-9F41-4B8F-A13A-F03C7A92013F}.Release|Any CPU.ActiveCfg = Release|Any CPU
		{5B43C652-9F41-4B8F-A13A-F03C7A92013F}.Release|Any CPU.Build.0 = Release|Any CPU
	EndGlobalSection
EndGlobal
